
Microsoft Visual Studio Solution File, Format Version 12.00
# Visual Studio Version 16
VisualStudioVersion = 16.0.28621.142
MinimumVisualStudioVersion = 10.0.40219.1
Project("{FAE04EC0-301F-11D3-BF4B-00C04F79EFBC}") = "ModelManiac", "ModelManiac\ModelManiac.csproj", "{99550829-FD53-4F22-B5A2-9BBCADF7A783}"
EndProject
Project("{FAE04EC0-301F-11D3-BF4B-00C04F79EFBC}") = "RSDKv5", "..\RSDK-Reverse\RSDKv5\RSDKv5.csproj", "{CF5496F8-002B-408F-9B3D-67C88F610283}"
EndProject
Project("{FAE04EC0-301F-11D3-BF4B-00C04F79EFBC}") = "RSDKvB", "..\RSDK-Reverse\RSDKvB\RSDKvB.csproj", "{1A58BA31-C9E1-4D18-876E-EC73799E7A9F}"
EndProject
Global
	GlobalSection(SolutionConfigurationPlatforms) = preSolution
		Debug(x64)|Any CPU = Debug(x64)|Any CPU
		Debug(x64)|x64 = Debug(x64)|x64
		Debug(x64)|x86 = Debug(x64)|x86
		Debug|Any CPU = Debug|Any CPU
		Debug|x64 = Debug|x64
		Debug|x86 = Debug|x86
		Release|Any CPU = Release|Any CPU
		Release|x64 = Release|x64
		Release|x86 = Release|x86
		x64 Debug|Any CPU = x64 Debug|Any CPU
		x64 Debug|x64 = x64 Debug|x64
		x64 Debug|x86 = x64 Debug|x86
		x64 Release|Any CPU = x64 Release|Any CPU
		x64 Release|x64 = x64 Release|x64
		x64 Release|x86 = x64 Release|x86
		x86 Debug|Any CPU = x86 Debug|Any CPU
		x86 Debug|x64 = x86 Debug|x64
		x86 Debug|x86 = x86 Debug|x86
		x86 Release|Any CPU = x86 Release|Any CPU
		x86 Release|x64 = x86 Release|x64
		x86 Release|x86 = x86 Release|x86
	EndGlobalSection
	GlobalSection(ProjectConfigurationPlatforms) = postSolution
		{99550829-FD53-4F22-B5A2-9BBCADF7A783}.Debug(x64)|Any CPU.ActiveCfg = Debug|Any CPU
		{99550829-FD53-4F22-B5A2-9BBCADF7A783}.Debug(x64)|Any CPU.Build.0 = Debug|Any CPU
		{99550829-FD53-4F22-B5A2-9BBCADF7A783}.Debug(x64)|x64.ActiveCfg = Debug|Any CPU
		{99550829-FD53-4F22-B5A2-9BBCADF7A783}.Debug(x64)|x64.Build.0 = Debug|Any CPU
		{99550829-FD53-4F22-B5A2-9BBCADF7A783}.Debug(x64)|x86.ActiveCfg = Debug|Any CPU
		{99550829-FD53-4F22-B5A2-9BBCADF7A783}.Debug(x64)|x86.Build.0 = Debug|Any CPU
		{99550829-FD53-4F22-B5A2-9BBCADF7A783}.Debug|Any CPU.ActiveCfg = Debug|Any CPU
		{99550829-FD53-4F22-B5A2-9BBCADF7A783}.Debug|Any CPU.Build.0 = Debug|Any CPU
		{99550829-FD53-4F22-B5A2-9BBCADF7A783}.Debug|x64.ActiveCfg = Debug|Any CPU
		{99550829-FD53-4F22-B5A2-9BBCADF7A783}.Debug|x64.Build.0 = Debug|Any CPU
		{99550829-FD53-4F22-B5A2-9BBCADF7A783}.Debug|x86.ActiveCfg = Debug|Any CPU
		{99550829-FD53-4F22-B5A2-9BBCADF7A783}.Debug|x86.Build.0 = Debug|Any CPU
		{99550829-FD53-4F22-B5A2-9BBCADF7A783}.Release|Any CPU.ActiveCfg = Release|Any CPU
		{99550829-FD53-4F22-B5A2-9BBCADF7A783}.Release|Any CPU.Build.0 = Release|Any CPU
		{99550829-FD53-4F22-B5A2-9BBCADF7A783}.Release|x64.ActiveCfg = Release|Any CPU
		{99550829-FD53-4F22-B5A2-9BBCADF7A783}.Release|x64.Build.0 = Release|Any CPU
		{99550829-FD53-4F22-B5A2-9BBCADF7A783}.Release|x86.ActiveCfg = Release|Any CPU
		{99550829-FD53-4F22-B5A2-9BBCADF7A783}.Release|x86.Build.0 = Release|Any CPU
		{99550829-FD53-4F22-B5A2-9BBCADF7A783}.x64 Debug|Any CPU.ActiveCfg = Debug|Any CPU
		{99550829-FD53-4F22-B5A2-9BBCADF7A783}.x64 Debug|Any CPU.Build.0 = Debug|Any CPU
		{99550829-FD53-4F22-B5A2-9BBCADF7A783}.x64 Debug|x64.ActiveCfg = Debug|Any CPU
		{99550829-FD53-4F22-B5A2-9BBCADF7A783}.x64 Debug|x64.Build.0 = Debug|Any CPU
		{99550829-FD53-4F22-B5A2-9BBCADF7A783}.x64 Debug|x86.ActiveCfg = Debug|Any CPU
		{99550829-FD53-4F22-B5A2-9BBCADF7A783}.x64 Debug|x86.Build.0 = Debug|Any CPU
		{99550829-FD53-4F22-B5A2-9BBCADF7A783}.x64 Release|Any CPU.ActiveCfg = Release|Any CPU
		{99550829-FD53-4F22-B5A2-9BBCADF7A783}.x64 Release|Any CPU.Build.0 = Release|Any CPU
		{99550829-FD53-4F22-B5A2-9BBCADF7A783}.x64 Release|x64.ActiveCfg = Release|Any CPU
		{99550829-FD53-4F22-B5A2-9BBCADF7A783}.x64 Release|x64.Build.0 = Release|Any CPU
		{99550829-FD53-4F22-B5A2-9BBCADF7A783}.x64 Release|x86.ActiveCfg = Release|Any CPU
		{99550829-FD53-4F22-B5A2-9BBCADF7A783}.x64 Release|x86.Build.0 = Release|Any CPU
		{99550829-FD53-4F22-B5A2-9BBCADF7A783}.x86 Debug|Any CPU.ActiveCfg = Debug|Any CPU
		{99550829-FD53-4F22-B5A2-9BBCADF7A783}.x86 Debug|Any CPU.Build.0 = Debug|Any CPU
		{99550829-FD53-4F22-B5A2-9BBCADF7A783}.x86 Debug|x64.ActiveCfg = Debug|Any CPU
		{99550829-FD53-4F22-B5A2-9BBCADF7A783}.x86 Debug|x64.Build.0 = Debug|Any CPU
		{99550829-FD53-4F22-B5A2-9BBCADF7A783}.x86 Debug|x86.ActiveCfg = Debug|Any CPU
		{99550829-FD53-4F22-B5A2-9BBCADF7A783}.x86 Debug|x86.Build.0 = Debug|Any CPU
		{99550829-FD53-4F22-B5A2-9BBCADF7A783}.x86 Release|Any CPU.ActiveCfg = Release|Any CPU
		{99550829-FD53-4F22-B5A2-9BBCADF7A783}.x86 Release|Any CPU.Build.0 = Release|Any CPU
		{99550829-FD53-4F22-B5A2-9BBCADF7A783}.x86 Release|x64.ActiveCfg = Release|Any CPU
		{99550829-FD53-4F22-B5A2-9BBCADF7A783}.x86 Release|x64.Build.0 = Release|Any CPU
		{99550829-FD53-4F22-B5A2-9BBCADF7A783}.x86 Release|x86.ActiveCfg = Release|Any CPU
		{99550829-FD53-4F22-B5A2-9BBCADF7A783}.x86 Release|x86.Build.0 = Release|Any CPU
		{CF5496F8-002B-408F-9B3D-67C88F610283}.Debug(x64)|Any CPU.ActiveCfg = Debug(x64)|Any CPU
		{CF5496F8-002B-408F-9B3D-67C88F610283}.Debug(x64)|Any CPU.Build.0 = Debug(x64)|Any CPU
		{CF5496F8-002B-408F-9B3D-67C88F610283}.Debug(x64)|x64.ActiveCfg = Debug(x64)|x64
		{CF5496F8-002B-408F-9B3D-67C88F610283}.Debug(x64)|x64.Build.0 = Debug(x64)|x64
		{CF5496F8-002B-408F-9B3D-67C88F610283}.Debug(x64)|x86.ActiveCfg = Debug(x64)|x86
		{CF5496F8-002B-408F-9B3D-67C88F610283}.Debug(x64)|x86.Build.0 = Debug(x64)|x86
		{CF5496F8-002B-408F-9B3D-67C88F610283}.Debug|Any CPU.ActiveCfg = Debug|Any CPU
		{CF5496F8-002B-408F-9B3D-67C88F610283}.Debug|Any CPU.Build.0 = Debug|Any CPU
		{CF5496F8-002B-408F-9B3D-67C88F610283}.Debug|x64.ActiveCfg = Debug|x64
		{CF5496F8-002B-408F-9B3D-67C88F610283}.Debug|x64.Build.0 = Debug|x64
		{CF5496F8-002B-408F-9B3D-67C88F610283}.Debug|x86.ActiveCfg = Debug|x86
		{CF5496F8-002B-408F-9B3D-67C88F610283}.Debug|x86.Build.0 = Debug|x86
		{CF5496F8-002B-408F-9B3D-67C88F610283}.Release|Any CPU.ActiveCfg = Release|Any CPU
		{CF5496F8-002B-408F-9B3D-67C88F610283}.Release|Any CPU.Build.0 = Release|Any CPU
		{CF5496F8-002B-408F-9B3D-67C88F610283}.Release|x64.ActiveCfg = Release|x64
		{CF5496F8-002B-408F-9B3D-67C88F610283}.Release|x64.Build.0 = Release|x64
		{CF5496F8-002B-408F-9B3D-67C88F610283}.Release|x86.ActiveCfg = Release|x86
		{CF5496F8-002B-408F-9B3D-67C88F610283}.Release|x86.Build.0 = Release|x86
		{CF5496F8-002B-408F-9B3D-67C88F610283}.x64 Debug|Any CPU.ActiveCfg = x64 Debug|Any CPU
		{CF5496F8-002B-408F-9B3D-67C88F610283}.x64 Debug|Any CPU.Build.0 = x64 Debug|Any CPU
		{CF5496F8-002B-408F-9B3D-67C88F610283}.x64 Debug|x64.ActiveCfg = x64 Debug|x64
		{CF5496F8-002B-408F-9B3D-67C88F610283}.x64 Debug|x64.Build.0 = x64 Debug|x64
		{CF5496F8-002B-408F-9B3D-67C88F610283}.x64 Debug|x86.ActiveCfg = x64 Debug|x86
		{CF5496F8-002B-408F-9B3D-67C88F610283}.x64 Debug|x86.Build.0 = x64 Debug|x86
		{CF5496F8-002B-408F-9B3D-67C88F610283}.x64 Release|Any CPU.ActiveCfg = x64 Release|Any CPU
		{CF5496F8-002B-408F-9B3D-67C88F610283}.x64 Release|Any CPU.Build.0 = x64 Release|Any CPU
		{CF5496F8-002B-408F-9B3D-67C88F610283}.x64 Release|x64.ActiveCfg = x64 Release|x64
		{CF5496F8-002B-408F-9B3D-67C88F610283}.x64 Release|x64.Build.0 = x64 Release|x64
		{CF5496F8-002B-408F-9B3D-67C88F610283}.x64 Release|x86.ActiveCfg = x64 Release|x86
		{CF5496F8-002B-408F-9B3D-67C88F610283}.x64 Release|x86.Build.0 = x64 Release|x86
		{CF5496F8-002B-408F-9B3D-67C88F610283}.x86 Debug|Any CPU.ActiveCfg = x86 Debug|Any CPU
		{CF5496F8-002B-408F-9B3D-67C88F610283}.x86 Debug|Any CPU.Build.0 = x86 Debug|Any CPU
		{CF5496F8-002B-408F-9B3D-67C88F610283}.x86 Debug|x64.ActiveCfg = x86 Debug|x64
		{CF5496F8-002B-408F-9B3D-67C88F610283}.x86 Debug|x64.Build.0 = x86 Debug|x64
		{CF5496F8-002B-408F-9B3D-67C88F610283}.x86 Debug|x86.ActiveCfg = x86 Debug|x86
		{CF5496F8-002B-408F-9B3D-67C88F610283}.x86 Debug|x86.Build.0 = x86 Debug|x86
		{CF5496F8-002B-408F-9B3D-67C88F610283}.x86 Release|Any CPU.ActiveCfg = x86 Release|Any CPU
		{CF5496F8-002B-408F-9B3D-67C88F610283}.x86 Release|Any CPU.Build.0 = x86 Release|Any CPU
		{CF5496F8-002B-408F-9B3D-67C88F610283}.x86 Release|x64.ActiveCfg = x86 Release|x64
		{CF5496F8-002B-408F-9B3D-67C88F610283}.x86 Release|x64.Build.0 = x86 Release|x64
		{CF5496F8-002B-408F-9B3D-67C88F610283}.x86 Release|x86.ActiveCfg = x86 Release|x86
		{CF5496F8-002B-408F-9B3D-67C88F610283}.x86 Release|x86.Build.0 = x86 Release|x86
		{1A58BA31-C9E1-4D18-876E-EC73799E7A9F}.Debug(x64)|Any CPU.ActiveCfg = Debug|Any CPU
		{1A58BA31-C9E1-4D18-876E-EC73799E7A9F}.Debug(x64)|Any CPU.Build.0 = Debug|Any CPU
		{1A58BA31-C9E1-4D18-876E-EC73799E7A9F}.Debug(x64)|x64.ActiveCfg = Debug|x64
		{1A58BA31-C9E1-4D18-876E-EC73799E7A9F}.Debug(x64)|x64.Build.0 = Debug|x64
		{1A58BA31-C9E1-4D18-876E-EC73799E7A9F}.Debug(x64)|x86.ActiveCfg = Debug|x86
		{1A58BA31-C9E1-4D18-876E-EC73799E7A9F}.Debug(x64)|x86.Build.0 = Debug|x86
		{1A58BA31-C9E1-4D18-876E-EC73799E7A9F}.Debug|Any CPU.ActiveCfg = Debug|Any CPU
		{1A58BA31-C9E1-4D18-876E-EC73799E7A9F}.Debug|Any CPU.Build.0 = Debug|Any CPU
		{1A58BA31-C9E1-4D18-876E-EC73799E7A9F}.Debug|x64.ActiveCfg = Debug|x64
		{1A58BA31-C9E1-4D18-876E-EC73799E7A9F}.Debug|x64.Build.0 = Debug|x64
		{1A58BA31-C9E1-4D18-876E-EC73799E7A9F}.Debug|x86.ActiveCfg = Debug|x86
		{1A58BA31-C9E1-4D18-876E-EC73799E7A9F}.Debug|x86.Build.0 = Debug|x86
		{1A58BA31-C9E1-4D18-876E-EC73799E7A9F}.Release|Any CPU.ActiveCfg = Release|Any CPU
		{1A58BA31-C9E1-4D18-876E-EC73799E7A9F}.Release|Any CPU.Build.0 = Release|Any CPU
		{1A58BA31-C9E1-4D18-876E-EC73799E7A9F}.Release|x64.ActiveCfg = Release|x64
		{1A58BA31-C9E1-4D18-876E-EC73799E7A9F}.Release|x64.Build.0 = Release|x64
		{1A58BA31-C9E1-4D18-876E-EC73799E7A9F}.Release|x86.ActiveCfg = Release|x86
		{1A58BA31-C9E1-4D18-876E-EC73799E7A9F}.Release|x86.Build.0 = Release|x86
		{1A58BA31-C9E1-4D18-876E-EC73799E7A9F}.x64 Debug|Any CPU.ActiveCfg = Debug|Any CPU
		{1A58BA31-C9E1-4D18-876E-EC73799E7A9F}.x64 Debug|Any CPU.Build.0 = Debug|Any CPU
		{1A58BA31-C9E1-4D18-876E-EC73799E7A9F}.x64 Debug|x64.ActiveCfg = Debug|x64
		{1A58BA31-C9E1-4D18-876E-EC73799E7A9F}.x64 Debug|x64.Build.0 = Debug|x64
		{1A58BA31-C9E1-4D18-876E-EC73799E7A9F}.x64 Debug|x86.ActiveCfg = Debug|x86
		{1A58BA31-C9E1-4D18-876E-EC73799E7A9F}.x64 Debug|x86.Build.0 = Debug|x86
		{1A58BA31-C9E1-4D18-876E-EC73799E7A9F}.x64 Release|Any CPU.ActiveCfg = Release|Any CPU
		{1A58BA31-C9E1-4D18-876E-EC73799E7A9F}.x64 Release|Any CPU.Build.0 = Release|Any CPU
		{1A58BA31-C9E1-4D18-876E-EC73799E7A9F}.x64 Release|x64.ActiveCfg = Release|x64
		{1A58BA31-C9E1-4D18-876E-EC73799E7A9F}.x64 Release|x64.Build.0 = Release|x64
		{1A58BA31-C9E1-4D18-876E-EC73799E7A9F}.x64 Release|x86.ActiveCfg = Release|x86
		{1A58BA31-C9E1-4D18-876E-EC73799E7A9F}.x64 Release|x86.Build.0 = Release|x86
		{1A58BA31-C9E1-4D18-876E-EC73799E7A9F}.x86 Debug|Any CPU.ActiveCfg = Debug|Any CPU
		{1A58BA31-C9E1-4D18-876E-EC73799E7A9F}.x86 Debug|Any CPU.Build.0 = Debug|Any CPU
		{1A58BA31-C9E1-4D18-876E-EC73799E7A9F}.x86 Debug|x64.ActiveCfg = Debug|x64
		{1A58BA31-C9E1-4D18-876E-EC73799E7A9F}.x86 Debug|x64.Build.0 = Debug|x64
		{1A58BA31-C9E1-4D18-876E-EC73799E7A9F}.x86 Debug|x86.ActiveCfg = Debug|x86
		{1A58BA31-C9E1-4D18-876E-EC73799E7A9F}.x86 Debug|x86.Build.0 = Debug|x86
		{1A58BA31-C9E1-4D18-876E-EC73799E7A9F}.x86 Release|Any CPU.ActiveCfg = Release|Any CPU
		{1A58BA31-C9E1-4D18-876E-EC73799E7A9F}.x86 Release|Any CPU.Build.0 = Release|Any CPU
		{1A58BA31-C9E1-4D18-876E-EC73799E7A9F}.x86 Release|x64.ActiveCfg = Release|x64
		{1A58BA31-C9E1-4D18-876E-EC73799E7A9F}.x86 Release|x64.Build.0 = Release|x64
		{1A58BA31-C9E1-4D18-876E-EC73799E7A9F}.x86 Release|x86.ActiveCfg = Release|x86
		{1A58BA31-C9E1-4D18-876E-EC73799E7A9F}.x86 Release|x86.Build.0 = Release|x86
	EndGlobalSection
	GlobalSection(SolutionProperties) = preSolution
		HideSolutionNode = FALSE
	EndGlobalSection
	GlobalSection(ExtensibilityGlobals) = postSolution
		SolutionGuid = {E58B547B-8BA1-4B2A-A42D-BE3FCDCF205E}
	EndGlobalSection
EndGlobal
